
Microsoft Visual Studio Solution File, Format Version 12.00
# Visual Studio 15
VisualStudioVersion = 15.0.28010.2016
MinimumVisualStudioVersion = 10.0.40219.1
Project("{FAE04EC0-301F-11D3-BF4B-00C04F79EFBC}") = "ConsoleTestClient", "ConsoleTestClient\ConsoleTestClient.csproj", "{FA2A1063-2925-4940-8109-0EB6101B09A3}"
EndProject
Global
	GlobalSection(SolutionConfigurationPlatforms) = preSolution
		Debug|Any CPU = Debug|Any CPU
		Release|Any CPU = Release|Any CPU
	EndGlobalSection
	GlobalSection(ProjectConfigurationPlatforms) = postSolution
		{FA2A1063-2925-4940-8109-0EB6101B09A3}.Debug|Any CPU.ActiveCfg = Debug|Any CPU
		{FA2A1063-2925-4940-8109-0EB6101B09A3}.Debug|Any CPU.Build.0 = Debug|Any CPU
		{FA2A1063-2925-4940-8109-0EB6101B09A3}.Release|Any CPU.ActiveCfg = Release|Any CPU
		{FA2A1063-2925-4940-8109-0EB6101B09A3}.Release|Any CPU.Build.0 = Release|Any CPU
	EndGlobalSection
	GlobalSection(SolutionProperties) = preSolution
		HideSolutionNode = FALSE
	EndGlobalSection
	GlobalSection(ExtensibilityGlobals) = postSolution
		SolutionGuid = {15B4889A-AC38-40A3-99FE-71DF6A9838A2}
	EndGlobalSection
EndGlobal
