
Microsoft Visual Studio Solution File, Format Version 12.00
# Visual Studio 15
VisualStudioVersion = 15.0.28010.2016
MinimumVisualStudioVersion = 10.0.40219.1
Project("{FAE04EC0-301F-11D3-BF4B-00C04F79EFBC}") = "AuthenticationServer", "AuthenticationServer\AuthenticationServer.csproj", "{77057012-FF1F-425A-A64B-4488A0EE7828}"
EndProject
Global
	GlobalSection(SolutionConfigurationPlatforms) = preSolution
		Debug|Any CPU = Debug|Any CPU
		Release|Any CPU = Release|Any CPU
	EndGlobalSection
	GlobalSection(ProjectConfigurationPlatforms) = postSolution
		{77057012-FF1F-425A-A64B-4488A0EE7828}.Debug|Any CPU.ActiveCfg = Debug|Any CPU
		{77057012-FF1F-425A-A64B-4488A0EE7828}.Debug|Any CPU.Build.0 = Debug|Any CPU
		{77057012-FF1F-425A-A64B-4488A0EE7828}.Release|Any CPU.ActiveCfg = Release|Any CPU
		{77057012-FF1F-425A-A64B-4488A0EE7828}.Release|Any CPU.Build.0 = Release|Any CPU
	EndGlobalSection
	GlobalSection(SolutionProperties) = preSolution
		HideSolutionNode = FALSE
	EndGlobalSection
	GlobalSection(ExtensibilityGlobals) = postSolution
		SolutionGuid = {538A57B4-1330-493A-A995-3D95A6F6E3FA}
	EndGlobalSection
EndGlobal
